
Microsoft Visual Studio Solution File, Format Version 12.00
# Visual Studio 15
VisualStudioVersion = 15.0.27130.2020
MinimumVisualStudioVersion = 10.0.40219.1
Project("{9A19103F-16F7-4668-BE54-9A1E7A4F7556}") = "DemolitionFalcons.App", "DemolitionFalcons.App\DemolitionFalcons.App.csproj", "{722D8BFE-5837-4F04-B019-6AA096C0CC3B}"
EndProject
Project("{9A19103F-16F7-4668-BE54-9A1E7A4F7556}") = "DemolitionFalcons.Data", "DemolitionFalcons.Data\DemolitionFalcons.Data.csproj", "{BB8BE969-6E99-45EE-A11D-2FBC56E8CA46}"
EndProject
Project("{9A19103F-16F7-4668-BE54-9A1E7A4F7556}") = "DemolitionFalcons.Models", "DemolitionFalcons.Models\DemolitionFalcons.Models.csproj", "{D4830AAD-CA15-4A7C-9196-836F104B30BC}"
EndProject
Project("{FAE04EC0-301F-11D3-BF4B-00C04F79EFBC}") = "DemolitionFalcons.Service", "DemolitionFalcons.Service\DemolitionFalcons.Service.csproj", "{51F65E15-4D70-4AD6-852A-3BC13B7105B0}"
EndProject
Global
	GlobalSection(SolutionConfigurationPlatforms) = preSolution
		Debug|Any CPU = Debug|Any CPU
		Release|Any CPU = Release|Any CPU
	EndGlobalSection
	GlobalSection(ProjectConfigurationPlatforms) = postSolution
		{722D8BFE-5837-4F04-B019-6AA096C0CC3B}.Debug|Any CPU.ActiveCfg = Debug|Any CPU
		{722D8BFE-5837-4F04-B019-6AA096C0CC3B}.Debug|Any CPU.Build.0 = Debug|Any CPU
		{722D8BFE-5837-4F04-B019-6AA096C0CC3B}.Release|Any CPU.ActiveCfg = Release|Any CPU
		{722D8BFE-5837-4F04-B019-6AA096C0CC3B}.Release|Any CPU.Build.0 = Release|Any CPU
		{BB8BE969-6E99-45EE-A11D-2FBC56E8CA46}.Debug|Any CPU.ActiveCfg = Debug|Any CPU
		{BB8BE969-6E99-45EE-A11D-2FBC56E8CA46}.Debug|Any CPU.Build.0 = Debug|Any CPU
		{BB8BE969-6E99-45EE-A11D-2FBC56E8CA46}.Release|Any CPU.ActiveCfg = Release|Any CPU
		{BB8BE969-6E99-45EE-A11D-2FBC56E8CA46}.Release|Any CPU.Build.0 = Release|Any CPU
		{D4830AAD-CA15-4A7C-9196-836F104B30BC}.Debug|Any CPU.ActiveCfg = Debug|Any CPU
		{D4830AAD-CA15-4A7C-9196-836F104B30BC}.Debug|Any CPU.Build.0 = Debug|Any CPU
		{D4830AAD-CA15-4A7C-9196-836F104B30BC}.Release|Any CPU.ActiveCfg = Release|Any CPU
		{D4830AAD-CA15-4A7C-9196-836F104B30BC}.Release|Any CPU.Build.0 = Release|Any CPU
		{51F65E15-4D70-4AD6-852A-3BC13B7105B0}.Debug|Any CPU.ActiveCfg = Debug|Any CPU
		{51F65E15-4D70-4AD6-852A-3BC13B7105B0}.Debug|Any CPU.Build.0 = Debug|Any CPU
		{51F65E15-4D70-4AD6-852A-3BC13B7105B0}.Release|Any CPU.ActiveCfg = Release|Any CPU
		{51F65E15-4D70-4AD6-852A-3BC13B7105B0}.Release|Any CPU.Build.0 = Release|Any CPU
	EndGlobalSection
	GlobalSection(SolutionProperties) = preSolution
		HideSolutionNode = FALSE
	EndGlobalSection
	GlobalSection(ExtensibilityGlobals) = postSolution
		SolutionGuid = {5F638189-0916-49BF-9156-9C834D89604B}
	EndGlobalSection
EndGlobal
